// !$*UTF8*$!
{
	archiveVersion = 1;
	classes = {
	};
	objectVersion = 46;
	objects = {

/* Begin PBXBuildFile section */
		141167DE1F42E6F600907E7E /* TANMainViewController.m in Sources */ = {isa = PBXBuildFile; fileRef = 141167DD1F42E6F600907E7E /* TANMainViewController.m */; };
		141167E11F42ED0300907E7E /* TANSpeechViewController.m in Sources */ = {isa = PBXBuildFile; fileRef = 141167E01F42ED0300907E7E /* TANSpeechViewController.m */; };
		141167E41F42F41700907E7E /* TANSystemShareViewController.m in Sources */ = {isa = PBXBuildFile; fileRef = 141167E31F42F41700907E7E /* TANSystemShareViewController.m */; };
		141167EB1F43041D00907E7E /* NotificationCenter.framework in Frameworks */ = {isa = PBXBuildFile; fileRef = 141167EA1F43041D00907E7E /* NotificationCenter.framework */; };
		141167EF1F43041D00907E7E /* TodayViewController.m in Sources */ = {isa = PBXBuildFile; fileRef = 141167EE1F43041D00907E7E /* TodayViewController.m */; };
		141167F21F43041D00907E7E /* MainInterface.storyboard in Resources */ = {isa = PBXBuildFile; fileRef = 141167F01F43041D00907E7E /* MainInterface.storyboard */; };
		141167F61F43041D00907E7E /* TANCalendarToday.appex in Embed App Extensions */ = {isa = PBXBuildFile; fileRef = 141167E91F43041D00907E7E /* TANCalendarToday.appex */; settings = {ATTRIBUTES = (RemoveHeadersOnCopy, ); }; };
		141168031F430A8600907E7E /* TANWidgetEditViewController.m in Sources */ = {isa = PBXBuildFile; fileRef = 141168021F430A8600907E7E /* TANWidgetEditViewController.m */; };
		141287FB1F17846400826DEC /* TANLabelViewController.m in Sources */ = {isa = PBXBuildFile; fileRef = 141287FA1F17846400826DEC /* TANLabelViewController.m */; };
		1425CFAE1F46D76900B1ABDE /* NJKWebViewProgress.m in Sources */ = {isa = PBXBuildFile; fileRef = 1425CFAB1F46D76900B1ABDE /* NJKWebViewProgress.m */; };
		1425CFAF1F46D76900B1ABDE /* NJKWebViewProgressView.m in Sources */ = {isa = PBXBuildFile; fileRef = 1425CFAD1F46D76900B1ABDE /* NJKWebViewProgressView.m */; };
		1425CFB21F46E5AA00B1ABDE /* example.html in Resources */ = {isa = PBXBuildFile; fileRef = 1425CFB11F46E5AA00B1ABDE /* example.html */; };
		1456B0371EEE99C500E4BFDF /* main.m in Sources */ = {isa = PBXBuildFile; fileRef = 1456B0361EEE99C500E4BFDF /* main.m */; };
		1456B03A1EEE99C500E4BFDF /* AppDelegate.m in Sources */ = {isa = PBXBuildFile; fileRef = 1456B0391EEE99C500E4BFDF /* AppDelegate.m */; };
		1456B0401EEE99C500E4BFDF /* Main.storyboard in Resources */ = {isa = PBXBuildFile; fileRef = 1456B03E1EEE99C500E4BFDF /* Main.storyboard */; };
		1456B0421EEE99C500E4BFDF /* Assets.xcassets in Resources */ = {isa = PBXBuildFile; fileRef = 1456B0411EEE99C500E4BFDF /* Assets.xcassets */; };
		1456B0451EEE99C500E4BFDF /* LaunchScreen.storyboard in Resources */ = {isa = PBXBuildFile; fileRef = 1456B0431EEE99C500E4BFDF /* LaunchScreen.storyboard */; };
		1456B0501EEE99C500E4BFDF /* TANCalendarTests.m in Sources */ = {isa = PBXBuildFile; fileRef = 1456B04F1EEE99C500E4BFDF /* TANCalendarTests.m */; };
		1456B05B1EEE99C500E4BFDF /* TANCalendarUITests.m in Sources */ = {isa = PBXBuildFile; fileRef = 1456B05A1EEE99C500E4BFDF /* TANCalendarUITests.m */; };
		1456B08A1EEE99F300E4BFDF /* FSCalendar+Deprecated.m in Sources */ = {isa = PBXBuildFile; fileRef = 1456B0691EEE99F300E4BFDF /* FSCalendar+Deprecated.m */; };
		1456B08B1EEE99F300E4BFDF /* FSCalendar.m in Sources */ = {isa = PBXBuildFile; fileRef = 1456B06B1EEE99F300E4BFDF /* FSCalendar.m */; };
		1456B08C1EEE99F300E4BFDF /* FSCalendarAppearance.m in Sources */ = {isa = PBXBuildFile; fileRef = 1456B06D1EEE99F300E4BFDF /* FSCalendarAppearance.m */; };
		1456B08D1EEE99F300E4BFDF /* FSCalendarCalculator.m in Sources */ = {isa = PBXBuildFile; fileRef = 1456B06F1EEE99F300E4BFDF /* FSCalendarCalculator.m */; };
		1456B08E1EEE99F300E4BFDF /* FSCalendarCell.m in Sources */ = {isa = PBXBuildFile; fileRef = 1456B0711EEE99F300E4BFDF /* FSCalendarCell.m */; };
		1456B08F1EEE99F300E4BFDF /* FSCalendarCollectionView.m in Sources */ = {isa = PBXBuildFile; fileRef = 1456B0731EEE99F300E4BFDF /* FSCalendarCollectionView.m */; };
		1456B0901EEE99F300E4BFDF /* FSCalendarCollectionViewLayout.m in Sources */ = {isa = PBXBuildFile; fileRef = 1456B0751EEE99F300E4BFDF /* FSCalendarCollectionViewLayout.m */; };
		1456B0911EEE99F300E4BFDF /* FSCalendarConstants.m in Sources */ = {isa = PBXBuildFile; fileRef = 1456B0771EEE99F300E4BFDF /* FSCalendarConstants.m */; };
		1456B0921EEE99F300E4BFDF /* FSCalendarDelegationFactory.m in Sources */ = {isa = PBXBuildFile; fileRef = 1456B0791EEE99F300E4BFDF /* FSCalendarDelegationFactory.m */; };
		1456B0931EEE99F300E4BFDF /* FSCalendarDelegationProxy.m in Sources */ = {isa = PBXBuildFile; fileRef = 1456B07B1EEE99F300E4BFDF /* FSCalendarDelegationProxy.m */; };
		1456B0941EEE99F300E4BFDF /* FSCalendarExtensions.m in Sources */ = {isa = PBXBuildFile; fileRef = 1456B07E1EEE99F300E4BFDF /* FSCalendarExtensions.m */; };
		1456B0951EEE99F300E4BFDF /* FSCalendarHeaderView.m in Sources */ = {isa = PBXBuildFile; fileRef = 1456B0801EEE99F300E4BFDF /* FSCalendarHeaderView.m */; };
		1456B0961EEE99F300E4BFDF /* FSCalendarScopeHandle.m in Sources */ = {isa = PBXBuildFile; fileRef = 1456B0821EEE99F300E4BFDF /* FSCalendarScopeHandle.m */; };
		1456B0971EEE99F300E4BFDF /* FSCalendarStickyHeader.m in Sources */ = {isa = PBXBuildFile; fileRef = 1456B0841EEE99F300E4BFDF /* FSCalendarStickyHeader.m */; };
		1456B0981EEE99F300E4BFDF /* FSCalendarTransitionCoordinator.m in Sources */ = {isa = PBXBuildFile; fileRef = 1456B0861EEE99F300E4BFDF /* FSCalendarTransitionCoordinator.m */; };
		1456B0991EEE99F300E4BFDF /* FSCalendarWeekdayView.m in Sources */ = {isa = PBXBuildFile; fileRef = 1456B0881EEE99F300E4BFDF /* FSCalendarWeekdayView.m */; };
		1456B09A1EEE99F300E4BFDF /* Info.plist in Resources */ = {isa = PBXBuildFile; fileRef = 1456B0891EEE99F300E4BFDF /* Info.plist */; };
		1456B09D1EEE9BCA00E4BFDF /* TANCalendarViewController.m in Sources */ = {isa = PBXBuildFile; fileRef = 1456B09C1EEE9BCA00E4BFDF /* TANCalendarViewController.m */; };
		1456B0A31EEEA54000E4BFDF /* UIImage+TANImage.m in Sources */ = {isa = PBXBuildFile; fileRef = 1456B0A21EEEA54000E4BFDF /* UIImage+TANImage.m */; };
		1478A0621F430E5500BBFD31 /* TANDataManager.m in Sources */ = {isa = PBXBuildFile; fileRef = 1478A0611F430E5500BBFD31 /* TANDataManager.m */; };
		1478A0631F430E5500BBFD31 /* TANDataManager.m in Sources */ = {isa = PBXBuildFile; fileRef = 1478A0611F430E5500BBFD31 /* TANDataManager.m */; };
		1478A0641F430EDE00BBFD31 /* TANBaseViewController.m in Sources */ = {isa = PBXBuildFile; fileRef = 141167DA1F42E6D100907E7E /* TANBaseViewController.m */; };
		14933C7D1F4549DE002B56D1 /* TANHTMLWebViewController.m in Sources */ = {isa = PBXBuildFile; fileRef = 14933C7C1F4549DE002B56D1 /* TANHTMLWebViewController.m */; };
		14933C801F457B75002B56D1 /* TANBelleTeacher.m in Sources */ = {isa = PBXBuildFile; fileRef = 14933C7F1F457B75002B56D1 /* TANBelleTeacher.m */; };
		14933C831F457C61002B56D1 /* TANRuntimeViewController.m in Sources */ = {isa = PBXBuildFile; fileRef = 14933C821F457C61002B56D1 /* TANRuntimeViewController.m */; };
		14933C871F457F24002B56D1 /* TANBelleTeacher+Category.m in Sources */ = {isa = PBXBuildFile; fileRef = 14933C861F457F24002B56D1 /* TANBelleTeacher+Category.m */; };
		14C278621F43E12500D64952 /* TANTableNestViewController.m in Sources */ = {isa = PBXBuildFile; fileRef = 14C278611F43E12500D64952 /* TANTableNestViewController.m */; };
		14C278661F43E5AC00D64952 /* BCTableView.m in Sources */ = {isa = PBXBuildFile; fileRef = 14C278651F43E5AC00D64952 /* BCTableView.m */; };
		14C278691F43EF8F00D64952 /* TANScrollContentViewController.m in Sources */ = {isa = PBXBuildFile; fileRef = 14C278681F43EF8F00D64952 /* TANScrollContentViewController.m */; };
		14C2786C1F43EFC000D64952 /* TANScrollContentCell.m in Sources */ = {isa = PBXBuildFile; fileRef = 14C2786B1F43EFC000D64952 /* TANScrollContentCell.m */; };
		14C2787B1F43F5B300D64952 /* FSPageContentView.m in Sources */ = {isa = PBXBuildFile; fileRef = 14C278751F43F5B300D64952 /* FSPageContentView.m */; };
		14C2787C1F43F5B300D64952 /* FSSegmentTitleView.m in Sources */ = {isa = PBXBuildFile; fileRef = 14C278781F43F5B300D64952 /* FSSegmentTitleView.m */; };
		14C2787F1F442F0400D64952 /* TANChallengeDetailViewController.m in Sources */ = {isa = PBXBuildFile; fileRef = 14C2787E1F442F0400D64952 /* TANChallengeDetailViewController.m */; };
		14C278821F44353D00D64952 /* TANChallengeRankListViewController.m in Sources */ = {isa = PBXBuildFile; fileRef = 14C278811F44353D00D64952 /* TANChallengeRankListViewController.m */; };
/* End PBXBuildFile section */

/* Begin PBXContainerItemProxy section */
		141167F41F43041D00907E7E /* PBXContainerItemProxy */ = {
			isa = PBXContainerItemProxy;
			containerPortal = 1456B02A1EEE99C500E4BFDF /* Project object */;
			proxyType = 1;
			remoteGlobalIDString = 141167E81F43041D00907E7E;
			remoteInfo = TANCalendarToday;
		};
		1456B04C1EEE99C500E4BFDF /* PBXContainerItemProxy */ = {
			isa = PBXContainerItemProxy;
			containerPortal = 1456B02A1EEE99C500E4BFDF /* Project object */;
			proxyType = 1;
			remoteGlobalIDString = 1456B0311EEE99C500E4BFDF;
			remoteInfo = TANCalendar;
		};
		1456B0571EEE99C500E4BFDF /* PBXContainerItemProxy */ = {
			isa = PBXContainerItemProxy;
			containerPortal = 1456B02A1EEE99C500E4BFDF /* Project object */;
			proxyType = 1;
			remoteGlobalIDString = 1456B0311EEE99C500E4BFDF;
			remoteInfo = TANCalendar;
		};
/* End PBXContainerItemProxy section */

/* Begin PBXCopyFilesBuildPhase section */
		141167FA1F43041D00907E7E /* Embed App Extensions */ = {
			isa = PBXCopyFilesBuildPhase;
			buildActionMask = 2147483647;
			dstPath = "";
			dstSubfolderSpec = 13;
			files = (
				141167F61F43041D00907E7E /* TANCalendarToday.appex in Embed App Extensions */,
			);
			name = "Embed App Extensions";
			runOnlyForDeploymentPostprocessing = 0;
		};
/* End PBXCopyFilesBuildPhase section */

/* Begin PBXFileReference section */
		141167D91F42E6D100907E7E /* TANBaseViewController.h */ = {isa = PBXFileReference; fileEncoding = 4; lastKnownFileType = sourcecode.c.h; path = TANBaseViewController.h; sourceTree = "<group>"; };
		141167DA1F42E6D100907E7E /* TANBaseViewController.m */ = {isa = PBXFileReference; fileEncoding = 4; lastKnownFileType = sourcecode.c.objc; path = TANBaseViewController.m; sourceTree = "<group>"; };
		141167DC1F42E6F600907E7E /* TANMainViewController.h */ = {isa = PBXFileReference; fileEncoding = 4; lastKnownFileType = sourcecode.c.h; path = TANMainViewController.h; sourceTree = "<group>"; };
		141167DD1F42E6F600907E7E /* TANMainViewController.m */ = {isa = PBXFileReference; fileEncoding = 4; lastKnownFileType = sourcecode.c.objc; path = TANMainViewController.m; sourceTree = "<group>"; };
		141167DF1F42ED0300907E7E /* TANSpeechViewController.h */ = {isa = PBXFileReference; fileEncoding = 4; lastKnownFileType = sourcecode.c.h; path = TANSpeechViewController.h; sourceTree = "<group>"; };
		141167E01F42ED0300907E7E /* TANSpeechViewController.m */ = {isa = PBXFileReference; fileEncoding = 4; lastKnownFileType = sourcecode.c.objc; path = TANSpeechViewController.m; sourceTree = "<group>"; };
		141167E21F42F41700907E7E /* TANSystemShareViewController.h */ = {isa = PBXFileReference; fileEncoding = 4; lastKnownFileType = sourcecode.c.h; path = TANSystemShareViewController.h; sourceTree = "<group>"; };
		141167E31F42F41700907E7E /* TANSystemShareViewController.m */ = {isa = PBXFileReference; fileEncoding = 4; lastKnownFileType = sourcecode.c.objc; path = TANSystemShareViewController.m; sourceTree = "<group>"; };
		141167E91F43041D00907E7E /* TANCalendarToday.appex */ = {isa = PBXFileReference; explicitFileType = "wrapper.app-extension"; includeInIndex = 0; path = TANCalendarToday.appex; sourceTree = BUILT_PRODUCTS_DIR; };
		141167EA1F43041D00907E7E /* NotificationCenter.framework */ = {isa = PBXFileReference; lastKnownFileType = wrapper.framework; name = NotificationCenter.framework; path = System/Library/Frameworks/NotificationCenter.framework; sourceTree = SDKROOT; };
		141167ED1F43041D00907E7E /* TodayViewController.h */ = {isa = PBXFileReference; lastKnownFileType = sourcecode.c.h; path = TodayViewController.h; sourceTree = "<group>"; };
		141167EE1F43041D00907E7E /* TodayViewController.m */ = {isa = PBXFileReference; lastKnownFileType = sourcecode.c.objc; path = TodayViewController.m; sourceTree = "<group>"; };
		141167F11F43041D00907E7E /* Base */ = {isa = PBXFileReference; lastKnownFileType = file.storyboard; name = Base; path = Base.lproj/MainInterface.storyboard; sourceTree = "<group>"; };
		141167F31F43041D00907E7E /* Info.plist */ = {isa = PBXFileReference; lastKnownFileType = text.plist.xml; path = Info.plist; sourceTree = "<group>"; };
		141167FB1F4306E200907E7E /* TANCalendarToday.entitlements */ = {isa = PBXFileReference; lastKnownFileType = text.plist.entitlements; path = TANCalendarToday.entitlements; sourceTree = "<group>"; };
		141167FC1F43072400907E7E /* TANCalendar.entitlements */ = {isa = PBXFileReference; lastKnownFileType = text.plist.entitlements; path = TANCalendar.entitlements; sourceTree = "<group>"; };
		141168011F430A8600907E7E /* TANWidgetEditViewController.h */ = {isa = PBXFileReference; fileEncoding = 4; lastKnownFileType = sourcecode.c.h; path = TANWidgetEditViewController.h; sourceTree = "<group>"; };
		141168021F430A8600907E7E /* TANWidgetEditViewController.m */ = {isa = PBXFileReference; fileEncoding = 4; lastKnownFileType = sourcecode.c.objc; path = TANWidgetEditViewController.m; sourceTree = "<group>"; };
		141287F91F17846400826DEC /* TANLabelViewController.h */ = {isa = PBXFileReference; fileEncoding = 4; lastKnownFileType = sourcecode.c.h; path = TANLabelViewController.h; sourceTree = "<group>"; };
		141287FA1F17846400826DEC /* TANLabelViewController.m */ = {isa = PBXFileReference; fileEncoding = 4; lastKnownFileType = sourcecode.c.objc; path = TANLabelViewController.m; sourceTree = "<group>"; };
		1425CFAA1F46D76900B1ABDE /* NJKWebViewProgress.h */ = {isa = PBXFileReference; fileEncoding = 4; lastKnownFileType = sourcecode.c.h; path = NJKWebViewProgress.h; sourceTree = "<group>"; };
		1425CFAB1F46D76900B1ABDE /* NJKWebViewProgress.m */ = {isa = PBXFileReference; fileEncoding = 4; lastKnownFileType = sourcecode.c.objc; path = NJKWebViewProgress.m; sourceTree = "<group>"; };
		1425CFAC1F46D76900B1ABDE /* NJKWebViewProgressView.h */ = {isa = PBXFileReference; fileEncoding = 4; lastKnownFileType = sourcecode.c.h; path = NJKWebViewProgressView.h; sourceTree = "<group>"; };
		1425CFAD1F46D76900B1ABDE /* NJKWebViewProgressView.m */ = {isa = PBXFileReference; fileEncoding = 4; lastKnownFileType = sourcecode.c.objc; path = NJKWebViewProgressView.m; sourceTree = "<group>"; };
		1425CFB11F46E5AA00B1ABDE /* example.html */ = {isa = PBXFileReference; fileEncoding = 4; lastKnownFileType = text.html; path = example.html; sourceTree = "<group>"; };
		1456B0321EEE99C500E4BFDF /* TANCalendar.app */ = {isa = PBXFileReference; explicitFileType = wrapper.application; includeInIndex = 0; path = TANCalendar.app; sourceTree = BUILT_PRODUCTS_DIR; };
		1456B0361EEE99C500E4BFDF /* main.m */ = {isa = PBXFileReference; lastKnownFileType = sourcecode.c.objc; path = main.m; sourceTree = "<group>"; };
		1456B0381EEE99C500E4BFDF /* AppDelegate.h */ = {isa = PBXFileReference; lastKnownFileType = sourcecode.c.h; path = AppDelegate.h; sourceTree = "<group>"; };
		1456B0391EEE99C500E4BFDF /* AppDelegate.m */ = {isa = PBXFileReference; lastKnownFileType = sourcecode.c.objc; path = AppDelegate.m; sourceTree = "<group>"; };
		1456B03F1EEE99C500E4BFDF /* Base */ = {isa = PBXFileReference; lastKnownFileType = file.storyboard; name = Base; path = Base.lproj/Main.storyboard; sourceTree = "<group>"; };
		1456B0411EEE99C500E4BFDF /* Assets.xcassets */ = {isa = PBXFileReference; lastKnownFileType = folder.assetcatalog; path = Assets.xcassets; sourceTree = "<group>"; };
		1456B0441EEE99C500E4BFDF /* Base */ = {isa = PBXFileReference; lastKnownFileType = file.storyboard; name = Base; path = Base.lproj/LaunchScreen.storyboard; sourceTree = "<group>"; };
		1456B0461EEE99C500E4BFDF /* Info.plist */ = {isa = PBXFileReference; lastKnownFileType = text.plist.xml; path = Info.plist; sourceTree = "<group>"; };
		1456B04B1EEE99C500E4BFDF /* TANCalendarTests.xctest */ = {isa = PBXFileReference; explicitFileType = wrapper.cfbundle; includeInIndex = 0; path = TANCalendarTests.xctest; sourceTree = BUILT_PRODUCTS_DIR; };
		1456B04F1EEE99C500E4BFDF /* TANCalendarTests.m */ = {isa = PBXFileReference; lastKnownFileType = sourcecode.c.objc; path = TANCalendarTests.m; sourceTree = "<group>"; };
		1456B0511EEE99C500E4BFDF /* Info.plist */ = {isa = PBXFileReference; lastKnownFileType = text.plist.xml; path = Info.plist; sourceTree = "<group>"; };
		1456B0561EEE99C500E4BFDF /* TANCalendarUITests.xctest */ = {isa = PBXFileReference; explicitFileType = wrapper.cfbundle; includeInIndex = 0; path = TANCalendarUITests.xctest; sourceTree = BUILT_PRODUCTS_DIR; };
		1456B05A1EEE99C500E4BFDF /* TANCalendarUITests.m */ = {isa = PBXFileReference; lastKnownFileType = sourcecode.c.objc; path = TANCalendarUITests.m; sourceTree = "<group>"; };
		1456B05C1EEE99C500E4BFDF /* Info.plist */ = {isa = PBXFileReference; lastKnownFileType = text.plist.xml; path = Info.plist; sourceTree = "<group>"; };
		1456B0691EEE99F300E4BFDF /* FSCalendar+Deprecated.m */ = {isa = PBXFileReference; fileEncoding = 4; lastKnownFileType = sourcecode.c.objc; path = "FSCalendar+Deprecated.m"; sourceTree = "<group>"; };
		1456B06A1EEE99F300E4BFDF /* FSCalendar.h */ = {isa = PBXFileReference; fileEncoding = 4; lastKnownFileType = sourcecode.c.h; path = FSCalendar.h; sourceTree = "<group>"; };
		1456B06B1EEE99F300E4BFDF /* FSCalendar.m */ = {isa = PBXFileReference; fileEncoding = 4; lastKnownFileType = sourcecode.c.objc; path = FSCalendar.m; sourceTree = "<group>"; };
		1456B06C1EEE99F300E4BFDF /* FSCalendarAppearance.h */ = {isa = PBXFileReference; fileEncoding = 4; lastKnownFileType = sourcecode.c.h; path = FSCalendarAppearance.h; sourceTree = "<group>"; };
		1456B06D1EEE99F300E4BFDF /* FSCalendarAppearance.m */ = {isa = PBXFileReference; fileEncoding = 4; lastKnownFileType = sourcecode.c.objc; path = FSCalendarAppearance.m; sourceTree = "<group>"; };
		1456B06E1EEE99F300E4BFDF /* FSCalendarCalculator.h */ = {isa = PBXFileReference; fileEncoding = 4; lastKnownFileType = sourcecode.c.h; path = FSCalendarCalculator.h; sourceTree = "<group>"; };
		1456B06F1EEE99F300E4BFDF /* FSCalendarCalculator.m */ = {isa = PBXFileReference; fileEncoding = 4; lastKnownFileType = sourcecode.c.objc; path = FSCalendarCalculator.m; sourceTree = "<group>"; };
		1456B0701EEE99F300E4BFDF /* FSCalendarCell.h */ = {isa = PBXFileReference; fileEncoding = 4; lastKnownFileType = sourcecode.c.h; path = FSCalendarCell.h; sourceTree = "<group>"; };
		1456B0711EEE99F300E4BFDF /* FSCalendarCell.m */ = {isa = PBXFileReference; fileEncoding = 4; lastKnownFileType = sourcecode.c.objc; path = FSCalendarCell.m; sourceTree = "<group>"; };
		1456B0721EEE99F300E4BFDF /* FSCalendarCollectionView.h */ = {isa = PBXFileReference; fileEncoding = 4; lastKnownFileType = sourcecode.c.h; path = FSCalendarCollectionView.h; sourceTree = "<group>"; };
		1456B0731EEE99F300E4BFDF /* FSCalendarCollectionView.m */ = {isa = PBXFileReference; fileEncoding = 4; lastKnownFileType = sourcecode.c.objc; path = FSCalendarCollectionView.m; sourceTree = "<group>"; };
		1456B0741EEE99F300E4BFDF /* FSCalendarCollectionViewLayout.h */ = {isa = PBXFileReference; fileEncoding = 4; lastKnownFileType = sourcecode.c.h; path = FSCalendarCollectionViewLayout.h; sourceTree = "<group>"; };
		1456B0751EEE99F300E4BFDF /* FSCalendarCollectionViewLayout.m */ = {isa = PBXFileReference; fileEncoding = 4; lastKnownFileType = sourcecode.c.objc; path = FSCalendarCollectionViewLayout.m; sourceTree = "<group>"; };
		1456B0761EEE99F300E4BFDF /* FSCalendarConstants.h */ = {isa = PBXFileReference; fileEncoding = 4; lastKnownFileType = sourcecode.c.h; path = FSCalendarConstants.h; sourceTree = "<group>"; };
		1456B0771EEE99F300E4BFDF /* FSCalendarConstants.m */ = {isa = PBXFileReference; fileEncoding = 4; lastKnownFileType = sourcecode.c.objc; path = FSCalendarConstants.m; sourceTree = "<group>"; };
		1456B0781EEE99F300E4BFDF /* FSCalendarDelegationFactory.h */ = {isa = PBXFileReference; fileEncoding = 4; lastKnownFileType = sourcecode.c.h; path = FSCalendarDelegationFactory.h; sourceTree = "<group>"; };
		1456B0791EEE99F300E4BFDF /* FSCalendarDelegationFactory.m */ = {isa = PBXFileReference; fileEncoding = 4; lastKnownFileType = sourcecode.c.objc; path = FSCalendarDelegationFactory.m; sourceTree = "<group>"; };
		1456B07A1EEE99F300E4BFDF /* FSCalendarDelegationProxy.h */ = {isa = PBXFileReference; fileEncoding = 4; lastKnownFileType = sourcecode.c.h; path = FSCalendarDelegationProxy.h; sourceTree = "<group>"; };
		1456B07B1EEE99F300E4BFDF /* FSCalendarDelegationProxy.m */ = {isa = PBXFileReference; fileEncoding = 4; lastKnownFileType = sourcecode.c.objc; path = FSCalendarDelegationProxy.m; sourceTree = "<group>"; };
		1456B07C1EEE99F300E4BFDF /* FSCalendarDynamicHeader.h */ = {isa = PBXFileReference; fileEncoding = 4; lastKnownFileType = sourcecode.c.h; path = FSCalendarDynamicHeader.h; sourceTree = "<group>"; };
		1456B07D1EEE99F300E4BFDF /* FSCalendarExtensions.h */ = {isa = PBXFileReference; fileEncoding = 4; lastKnownFileType = sourcecode.c.h; path = FSCalendarExtensions.h; sourceTree = "<group>"; };
		1456B07E1EEE99F300E4BFDF /* FSCalendarExtensions.m */ = {isa = PBXFileReference; fileEncoding = 4; lastKnownFileType = sourcecode.c.objc; path = FSCalendarExtensions.m; sourceTree = "<group>"; };
		1456B07F1EEE99F300E4BFDF /* FSCalendarHeaderView.h */ = {isa = PBXFileReference; fileEncoding = 4; lastKnownFileType = sourcecode.c.h; path = FSCalendarHeaderView.h; sourceTree = "<group>"; };
		1456B0801EEE99F300E4BFDF /* FSCalendarHeaderView.m */ = {isa = PBXFileReference; fileEncoding = 4; lastKnownFileType = sourcecode.c.objc; path = FSCalendarHeaderView.m; sourceTree = "<group>"; };
		1456B0811EEE99F300E4BFDF /* FSCalendarScopeHandle.h */ = {isa = PBXFileReference; fileEncoding = 4; lastKnownFileType = sourcecode.c.h; path = FSCalendarScopeHandle.h; sourceTree = "<group>"; };
		1456B0821EEE99F300E4BFDF /* FSCalendarScopeHandle.m */ = {isa = PBXFileReference; fileEncoding = 4; lastKnownFileType = sourcecode.c.objc; path = FSCalendarScopeHandle.m; sourceTree = "<group>"; };
		1456B0831EEE99F300E4BFDF /* FSCalendarStickyHeader.h */ = {isa = PBXFileReference; fileEncoding = 4; lastKnownFileType = sourcecode.c.h; path = FSCalendarStickyHeader.h; sourceTree = "<group>"; };
		1456B0841EEE99F300E4BFDF /* FSCalendarStickyHeader.m */ = {isa = PBXFileReference; fileEncoding = 4; lastKnownFileType = sourcecode.c.objc; path = FSCalendarStickyHeader.m; sourceTree = "<group>"; };
		1456B0851EEE99F300E4BFDF /* FSCalendarTransitionCoordinator.h */ = {isa = PBXFileReference; fileEncoding = 4; lastKnownFileType = sourcecode.c.h; path = FSCalendarTransitionCoordinator.h; sourceTree = "<group>"; };
		1456B0861EEE99F300E4BFDF /* FSCalendarTransitionCoordinator.m */ = {isa = PBXFileReference; fileEncoding = 4; lastKnownFileType = sourcecode.c.objc; path = FSCalendarTransitionCoordinator.m; sourceTree = "<group>"; };
		1456B0871EEE99F300E4BFDF /* FSCalendarWeekdayView.h */ = {isa = PBXFileReference; fileEncoding = 4; lastKnownFileType = sourcecode.c.h; path = FSCalendarWeekdayView.h; sourceTree = "<group>"; };
		1456B0881EEE99F300E4BFDF /* FSCalendarWeekdayView.m */ = {isa = PBXFileReference; fileEncoding = 4; lastKnownFileType = sourcecode.c.objc; path = FSCalendarWeekdayView.m; sourceTree = "<group>"; };
		1456B0891EEE99F300E4BFDF /* Info.plist */ = {isa = PBXFileReference; fileEncoding = 4; lastKnownFileType = text.plist.xml; path = Info.plist; sourceTree = "<group>"; };
		1456B09B1EEE9BCA00E4BFDF /* TANCalendarViewController.h */ = {isa = PBXFileReference; fileEncoding = 4; lastKnownFileType = sourcecode.c.h; path = TANCalendarViewController.h; sourceTree = "<group>"; };
		1456B09C1EEE9BCA00E4BFDF /* TANCalendarViewController.m */ = {isa = PBXFileReference; fileEncoding = 4; lastKnownFileType = sourcecode.c.objc; path = TANCalendarViewController.m; sourceTree = "<group>"; };
		1456B0A11EEEA54000E4BFDF /* UIImage+TANImage.h */ = {isa = PBXFileReference; fileEncoding = 4; lastKnownFileType = sourcecode.c.h; path = "UIImage+TANImage.h"; sourceTree = "<group>"; };
		1456B0A21EEEA54000E4BFDF /* UIImage+TANImage.m */ = {isa = PBXFileReference; fileEncoding = 4; lastKnownFileType = sourcecode.c.objc; path = "UIImage+TANImage.m"; sourceTree = "<group>"; };
		1478A0601F430E5500BBFD31 /* TANDataManager.h */ = {isa = PBXFileReference; fileEncoding = 4; lastKnownFileType = sourcecode.c.h; path = TANDataManager.h; sourceTree = "<group>"; };
		1478A0611F430E5500BBFD31 /* TANDataManager.m */ = {isa = PBXFileReference; fileEncoding = 4; lastKnownFileType = sourcecode.c.objc; path = TANDataManager.m; sourceTree = "<group>"; };
		14933C7B1F4549DE002B56D1 /* TANHTMLWebViewController.h */ = {isa = PBXFileReference; fileEncoding = 4; lastKnownFileType = sourcecode.c.h; path = TANHTMLWebViewController.h; sourceTree = "<group>"; };
		14933C7C1F4549DE002B56D1 /* TANHTMLWebViewController.m */ = {isa = PBXFileReference; fileEncoding = 4; lastKnownFileType = sourcecode.c.objc; path = TANHTMLWebViewController.m; sourceTree = "<group>"; };
		14933C7E1F457B75002B56D1 /* TANBelleTeacher.h */ = {isa = PBXFileReference; fileEncoding = 4; lastKnownFileType = sourcecode.c.h; path = TANBelleTeacher.h; sourceTree = "<group>"; };
		14933C7F1F457B75002B56D1 /* TANBelleTeacher.m */ = {isa = PBXFileReference; fileEncoding = 4; lastKnownFileType = sourcecode.c.objc; path = TANBelleTeacher.m; sourceTree = "<group>"; };
		14933C811F457C61002B56D1 /* TANRuntimeViewController.h */ = {isa = PBXFileReference; fileEncoding = 4; lastKnownFileType = sourcecode.c.h; path = TANRuntimeViewController.h; sourceTree = "<group>"; };
		14933C821F457C61002B56D1 /* TANRuntimeViewController.m */ = {isa = PBXFileReference; fileEncoding = 4; lastKnownFileType = sourcecode.c.objc; path = TANRuntimeViewController.m; sourceTree = "<group>"; };
		14933C851F457F24002B56D1 /* TANBelleTeacher+Category.h */ = {isa = PBXFileReference; fileEncoding = 4; lastKnownFileType = sourcecode.c.h; path = "TANBelleTeacher+Category.h"; sourceTree = "<group>"; };
		14933C861F457F24002B56D1 /* TANBelleTeacher+Category.m */ = {isa = PBXFileReference; fileEncoding = 4; lastKnownFileType = sourcecode.c.objc; path = "TANBelleTeacher+Category.m"; sourceTree = "<group>"; };
		14C278601F43E12500D64952 /* TANTableNestViewController.h */ = {isa = PBXFileReference; fileEncoding = 4; lastKnownFileType = sourcecode.c.h; path = TANTableNestViewController.h; sourceTree = "<group>"; };
		14C278611F43E12500D64952 /* TANTableNestViewController.m */ = {isa = PBXFileReference; fileEncoding = 4; lastKnownFileType = sourcecode.c.objc; path = TANTableNestViewController.m; sourceTree = "<group>"; };
		14C278641F43E5AC00D64952 /* BCTableView.h */ = {isa = PBXFileReference; fileEncoding = 4; lastKnownFileType = sourcecode.c.h; path = BCTableView.h; sourceTree = "<group>"; };
		14C278651F43E5AC00D64952 /* BCTableView.m */ = {isa = PBXFileReference; fileEncoding = 4; lastKnownFileType = sourcecode.c.objc; path = BCTableView.m; sourceTree = "<group>"; };
		14C278671F43EF8F00D64952 /* TANScrollContentViewController.h */ = {isa = PBXFileReference; fileEncoding = 4; lastKnownFileType = sourcecode.c.h; path = TANScrollContentViewController.h; sourceTree = "<group>"; };
		14C278681F43EF8F00D64952 /* TANScrollContentViewController.m */ = {isa = PBXFileReference; fileEncoding = 4; lastKnownFileType = sourcecode.c.objc; path = TANScrollContentViewController.m; sourceTree = "<group>"; };
		14C2786A1F43EFC000D64952 /* TANScrollContentCell.h */ = {isa = PBXFileReference; fileEncoding = 4; lastKnownFileType = sourcecode.c.h; path = TANScrollContentCell.h; sourceTree = "<group>"; };
		14C2786B1F43EFC000D64952 /* TANScrollContentCell.m */ = {isa = PBXFileReference; fileEncoding = 4; lastKnownFileType = sourcecode.c.objc; path = TANScrollContentCell.m; sourceTree = "<group>"; };
		14C278741F43F5B300D64952 /* FSPageContentView.h */ = {isa = PBXFileReference; fileEncoding = 4; lastKnownFileType = sourcecode.c.h; path = FSPageContentView.h; sourceTree = "<group>"; };
		14C278751F43F5B300D64952 /* FSPageContentView.m */ = {isa = PBXFileReference; fileEncoding = 4; lastKnownFileType = sourcecode.c.objc; path = FSPageContentView.m; sourceTree = "<group>"; };
		14C278761F43F5B300D64952 /* FSScrollContentView.h */ = {isa = PBXFileReference; fileEncoding = 4; lastKnownFileType = sourcecode.c.h; path = FSScrollContentView.h; sourceTree = "<group>"; };
		14C278771F43F5B300D64952 /* FSSegmentTitleView.h */ = {isa = PBXFileReference; fileEncoding = 4; lastKnownFileType = sourcecode.c.h; path = FSSegmentTitleView.h; sourceTree = "<group>"; };
		14C278781F43F5B300D64952 /* FSSegmentTitleView.m */ = {isa = PBXFileReference; fileEncoding = 4; lastKnownFileType = sourcecode.c.objc; path = FSSegmentTitleView.m; sourceTree = "<group>"; };
		14C2787D1F442F0400D64952 /* TANChallengeDetailViewController.h */ = {isa = PBXFileReference; fileEncoding = 4; lastKnownFileType = sourcecode.c.h; path = TANChallengeDetailViewController.h; sourceTree = "<group>"; };
		14C2787E1F442F0400D64952 /* TANChallengeDetailViewController.m */ = {isa = PBXFileReference; fileEncoding = 4; lastKnownFileType = sourcecode.c.objc; path = TANChallengeDetailViewController.m; sourceTree = "<group>"; };
		14C278801F44353D00D64952 /* TANChallengeRankListViewController.h */ = {isa = PBXFileReference; fileEncoding = 4; lastKnownFileType = sourcecode.c.h; path = TANChallengeRankListViewController.h; sourceTree = "<group>"; };
		14C278811F44353D00D64952 /* TANChallengeRankListViewController.m */ = {isa = PBXFileReference; fileEncoding = 4; lastKnownFileType = sourcecode.c.objc; path = TANChallengeRankListViewController.m; sourceTree = "<group>"; };
/* End PBXFileReference section */

/* Begin PBXFrameworksBuildPhase section */
		141167E61F43041D00907E7E /* Frameworks */ = {
			isa = PBXFrameworksBuildPhase;
			buildActionMask = 2147483647;
			files = (
				141167EB1F43041D00907E7E /* NotificationCenter.framework in Frameworks */,
			);
			runOnlyForDeploymentPostprocessing = 0;
		};
		1456B02F1EEE99C500E4BFDF /* Frameworks */ = {
			isa = PBXFrameworksBuildPhase;
			buildActionMask = 2147483647;
			files = (
			);
			runOnlyForDeploymentPostprocessing = 0;
		};
		1456B0481EEE99C500E4BFDF /* Frameworks */ = {
			isa = PBXFrameworksBuildPhase;
			buildActionMask = 2147483647;
			files = (
			);
			runOnlyForDeploymentPostprocessing = 0;
		};
		1456B0531EEE99C500E4BFDF /* Frameworks */ = {
			isa = PBXFrameworksBuildPhase;
			buildActionMask = 2147483647;
			files = (
			);
			runOnlyForDeploymentPostprocessing = 0;
		};
/* End PBXFrameworksBuildPhase section */

/* Begin PBXGroup section */
		141167EC1F43041D00907E7E /* TANCalendarToday */ = {
			isa = PBXGroup;
			children = (
				141167FB1F4306E200907E7E /* TANCalendarToday.entitlements */,
				141167ED1F43041D00907E7E /* TodayViewController.h */,
				141167EE1F43041D00907E7E /* TodayViewController.m */,
				1478A0601F430E5500BBFD31 /* TANDataManager.h */,
				1478A0611F430E5500BBFD31 /* TANDataManager.m */,
				141167F01F43041D00907E7E /* MainInterface.storyboard */,
				141167F31F43041D00907E7E /* Info.plist */,
			);
			path = TANCalendarToday;
			sourceTree = "<group>";
		};
		1425CFA91F46D76900B1ABDE /* NJKWebViewProgress */ = {
			isa = PBXGroup;
			children = (
				1425CFAA1F46D76900B1ABDE /* NJKWebViewProgress.h */,
				1425CFAB1F46D76900B1ABDE /* NJKWebViewProgress.m */,
				1425CFAC1F46D76900B1ABDE /* NJKWebViewProgressView.h */,
				1425CFAD1F46D76900B1ABDE /* NJKWebViewProgressView.m */,
			);
			path = NJKWebViewProgress;
			sourceTree = "<group>";
		};
		1425CFB01F46E59200B1ABDE /* WebViews */ = {
			isa = PBXGroup;
			children = (
				14933C7B1F4549DE002B56D1 /* TANHTMLWebViewController.h */,
				14933C7C1F4549DE002B56D1 /* TANHTMLWebViewController.m */,
				1425CFB11F46E5AA00B1ABDE /* example.html */,
			);
			name = WebViews;
			sourceTree = "<group>";
		};
		14419E001F011DFB006BFC6C /* Frameworks */ = {
			isa = PBXGroup;
			children = (
				141167EA1F43041D00907E7E /* NotificationCenter.framework */,
			);
			name = Frameworks;
			sourceTree = "<group>";
		};
		1456B0291EEE99C500E4BFDF = {
			isa = PBXGroup;
			children = (
				1425CFA91F46D76900B1ABDE /* NJKWebViewProgress */,
				14C2786D1F43F5B300D64952 /* Lib */,
				1456B0681EEE99F300E4BFDF /* FSCalendar */,
				1456B0341EEE99C500E4BFDF /* TANCalendar */,
				141167EC1F43041D00907E7E /* TANCalendarToday */,
				1456B04E1EEE99C500E4BFDF /* TANCalendarTests */,
				1456B0591EEE99C500E4BFDF /* TANCalendarUITests */,
				1456B0331EEE99C500E4BFDF /* Products */,
				14419E001F011DFB006BFC6C /* Frameworks */,
			);
			sourceTree = "<group>";
		};
		1456B0331EEE99C500E4BFDF /* Products */ = {
			isa = PBXGroup;
			children = (
				1456B0321EEE99C500E4BFDF /* TANCalendar.app */,
				1456B04B1EEE99C500E4BFDF /* TANCalendarTests.xctest */,
				1456B0561EEE99C500E4BFDF /* TANCalendarUITests.xctest */,
				141167E91F43041D00907E7E /* TANCalendarToday.appex */,
			);
			name = Products;
			sourceTree = "<group>";
		};
		1456B0341EEE99C500E4BFDF /* TANCalendar */ = {
			isa = PBXGroup;
			children = (
				141167FC1F43072400907E7E /* TANCalendar.entitlements */,
				1456B0381EEE99C500E4BFDF /* AppDelegate.h */,
				1456B0391EEE99C500E4BFDF /* AppDelegate.m */,
				141167D91F42E6D100907E7E /* TANBaseViewController.h */,
				141167DA1F42E6D100907E7E /* TANBaseViewController.m */,
				141167DC1F42E6F600907E7E /* TANMainViewController.h */,
				141167DD1F42E6F600907E7E /* TANMainViewController.m */,
				1456B09B1EEE9BCA00E4BFDF /* TANCalendarViewController.h */,
				1456B09C1EEE9BCA00E4BFDF /* TANCalendarViewController.m */,
				141287F91F17846400826DEC /* TANLabelViewController.h */,
				141287FA1F17846400826DEC /* TANLabelViewController.m */,
				141167DF1F42ED0300907E7E /* TANSpeechViewController.h */,
				141167E01F42ED0300907E7E /* TANSpeechViewController.m */,
				141167E21F42F41700907E7E /* TANSystemShareViewController.h */,
				141167E31F42F41700907E7E /* TANSystemShareViewController.m */,
				141168011F430A8600907E7E /* TANWidgetEditViewController.h */,
				141168021F430A8600907E7E /* TANWidgetEditViewController.m */,
				1456B0A11EEEA54000E4BFDF /* UIImage+TANImage.h */,
				1456B0A21EEEA54000E4BFDF /* UIImage+TANImage.m */,
				1425CFB01F46E59200B1ABDE /* WebViews */,
				14933C841F457C6E002B56D1 /* Runtimes */,
				14C278631F43E57700D64952 /* TANTableNest */,
				1456B0351EEE99C500E4BFDF /* Supporting Files */,
			);
			path = TANCalendar;
			sourceTree = "<group>";
		};
		1456B0351EEE99C500E4BFDF /* Supporting Files */ = {
			isa = PBXGroup;
			children = (
				1456B03E1EEE99C500E4BFDF /* Main.storyboard */,
				1456B0411EEE99C500E4BFDF /* Assets.xcassets */,
				1456B0431EEE99C500E4BFDF /* LaunchScreen.storyboard */,
				1456B0461EEE99C500E4BFDF /* Info.plist */,
				1456B0361EEE99C500E4BFDF /* main.m */,
			);
			name = "Supporting Files";
			sourceTree = "<group>";
		};
		1456B04E1EEE99C500E4BFDF /* TANCalendarTests */ = {
			isa = PBXGroup;
			children = (
				1456B04F1EEE99C500E4BFDF /* TANCalendarTests.m */,
				1456B0511EEE99C500E4BFDF /* Info.plist */,
			);
			path = TANCalendarTests;
			sourceTree = "<group>";
		};
		1456B0591EEE99C500E4BFDF /* TANCalendarUITests */ = {
			isa = PBXGroup;
			children = (
				1456B05A1EEE99C500E4BFDF /* TANCalendarUITests.m */,
				1456B05C1EEE99C500E4BFDF /* Info.plist */,
			);
			path = TANCalendarUITests;
			sourceTree = "<group>";
		};
		1456B0681EEE99F300E4BFDF /* FSCalendar */ = {
			isa = PBXGroup;
			children = (
				1456B0691EEE99F300E4BFDF /* FSCalendar+Deprecated.m */,
				1456B06A1EEE99F300E4BFDF /* FSCalendar.h */,
				1456B06B1EEE99F300E4BFDF /* FSCalendar.m */,
				1456B06C1EEE99F300E4BFDF /* FSCalendarAppearance.h */,
				1456B06D1EEE99F300E4BFDF /* FSCalendarAppearance.m */,
				1456B06E1EEE99F300E4BFDF /* FSCalendarCalculator.h */,
				1456B06F1EEE99F300E4BFDF /* FSCalendarCalculator.m */,
				1456B0701EEE99F300E4BFDF /* FSCalendarCell.h */,
				1456B0711EEE99F300E4BFDF /* FSCalendarCell.m */,
				1456B0721EEE99F300E4BFDF /* FSCalendarCollectionView.h */,
				1456B0731EEE99F300E4BFDF /* FSCalendarCollectionView.m */,
				1456B0741EEE99F300E4BFDF /* FSCalendarCollectionViewLayout.h */,
				1456B0751EEE99F300E4BFDF /* FSCalendarCollectionViewLayout.m */,
				1456B0761EEE99F300E4BFDF /* FSCalendarConstants.h */,
				1456B0771EEE99F300E4BFDF /* FSCalendarConstants.m */,
				1456B0781EEE99F300E4BFDF /* FSCalendarDelegationFactory.h */,
				1456B0791EEE99F300E4BFDF /* FSCalendarDelegationFactory.m */,
				1456B07A1EEE99F300E4BFDF /* FSCalendarDelegationProxy.h */,
				1456B07B1EEE99F300E4BFDF /* FSCalendarDelegationProxy.m */,
				1456B07C1EEE99F300E4BFDF /* FSCalendarDynamicHeader.h */,
				1456B07D1EEE99F300E4BFDF /* FSCalendarExtensions.h */,
				1456B07E1EEE99F300E4BFDF /* FSCalendarExtensions.m */,
				1456B07F1EEE99F300E4BFDF /* FSCalendarHeaderView.h */,
				1456B0801EEE99F300E4BFDF /* FSCalendarHeaderView.m */,
				1456B0811EEE99F300E4BFDF /* FSCalendarScopeHandle.h */,
				1456B0821EEE99F300E4BFDF /* FSCalendarScopeHandle.m */,
				1456B0831EEE99F300E4BFDF /* FSCalendarStickyHeader.h */,
				1456B0841EEE99F300E4BFDF /* FSCalendarStickyHeader.m */,
				1456B0851EEE99F300E4BFDF /* FSCalendarTransitionCoordinator.h */,
				1456B0861EEE99F300E4BFDF /* FSCalendarTransitionCoordinator.m */,
				1456B0871EEE99F300E4BFDF /* FSCalendarWeekdayView.h */,
				1456B0881EEE99F300E4BFDF /* FSCalendarWeekdayView.m */,
				1456B0891EEE99F300E4BFDF /* Info.plist */,
			);
			path = FSCalendar;
			sourceTree = "<group>";
		};
		14933C841F457C6E002B56D1 /* Runtimes */ = {
			isa = PBXGroup;
			children = (
				14933C811F457C61002B56D1 /* TANRuntimeViewController.h */,
				14933C821F457C61002B56D1 /* TANRuntimeViewController.m */,
				14933C7E1F457B75002B56D1 /* TANBelleTeacher.h */,
				14933C7F1F457B75002B56D1 /* TANBelleTeacher.m */,
				14933C851F457F24002B56D1 /* TANBelleTeacher+Category.h */,
				14933C861F457F24002B56D1 /* TANBelleTeacher+Category.m */,
			);
			name = Runtimes;
			sourceTree = "<group>";
		};
		14C278631F43E57700D64952 /* TANTableNest */ = {
			isa = PBXGroup;
			children = (
				14C278601F43E12500D64952 /* TANTableNestViewController.h */,
				14C278611F43E12500D64952 /* TANTableNestViewController.m */,
				14C278671F43EF8F00D64952 /* TANScrollContentViewController.h */,
				14C278681F43EF8F00D64952 /* TANScrollContentViewController.m */,
				14C2787D1F442F0400D64952 /* TANChallengeDetailViewController.h */,
				14C2787E1F442F0400D64952 /* TANChallengeDetailViewController.m */,
				14C278801F44353D00D64952 /* TANChallengeRankListViewController.h */,
				14C278811F44353D00D64952 /* TANChallengeRankListViewController.m */,
				14C278641F43E5AC00D64952 /* BCTableView.h */,
				14C278651F43E5AC00D64952 /* BCTableView.m */,
				14C2786A1F43EFC000D64952 /* TANScrollContentCell.h */,
				14C2786B1F43EFC000D64952 /* TANScrollContentCell.m */,
			);
			name = TANTableNest;
			sourceTree = "<group>";
		};
		14C2786D1F43F5B300D64952 /* Lib */ = {
			isa = PBXGroup;
			children = (
				14C278731F43F5B300D64952 /* FSScrollContentViewLib */,
			);
			path = Lib;
			sourceTree = "<group>";
		};
		14C278731F43F5B300D64952 /* FSScrollContentViewLib */ = {
			isa = PBXGroup;
			children = (
				14C278741F43F5B300D64952 /* FSPageContentView.h */,
				14C278751F43F5B300D64952 /* FSPageContentView.m */,
				14C278761F43F5B300D64952 /* FSScrollContentView.h */,
				14C278771F43F5B300D64952 /* FSSegmentTitleView.h */,
				14C278781F43F5B300D64952 /* FSSegmentTitleView.m */,
			);
			path = FSScrollContentViewLib;
			sourceTree = "<group>";
		};
/* End PBXGroup section */

/* Begin PBXNativeTarget section */
		141167E81F43041D00907E7E /* TANCalendarToday */ = {
			isa = PBXNativeTarget;
			buildConfigurationList = 141167F91F43041D00907E7E /* Build configuration list for PBXNativeTarget "TANCalendarToday" */;
			buildPhases = (
				141167E51F43041D00907E7E /* Sources */,
				141167E61F43041D00907E7E /* Frameworks */,
				141167E71F43041D00907E7E /* Resources */,
			);
			buildRules = (
			);
			dependencies = (
			);
			name = TANCalendarToday;
			productName = TANCalendarToday;
			productReference = 141167E91F43041D00907E7E /* TANCalendarToday.appex */;
			productType = "com.apple.product-type.app-extension";
		};
		1456B0311EEE99C500E4BFDF /* TANCalendar */ = {
			isa = PBXNativeTarget;
			buildConfigurationList = 1456B05F1EEE99C500E4BFDF /* Build configuration list for PBXNativeTarget "TANCalendar" */;
			buildPhases = (
				1456B02E1EEE99C500E4BFDF /* Sources */,
				1456B02F1EEE99C500E4BFDF /* Frameworks */,
				1456B0301EEE99C500E4BFDF /* Resources */,
				141167FA1F43041D00907E7E /* Embed App Extensions */,
			);
			buildRules = (
			);
			dependencies = (
				141167F51F43041D00907E7E /* PBXTargetDependency */,
			);
			name = TANCalendar;
			productName = TANCalendar;
			productReference = 1456B0321EEE99C500E4BFDF /* TANCalendar.app */;
			productType = "com.apple.product-type.application";
		};
		1456B04A1EEE99C500E4BFDF /* TANCalendarTests */ = {
			isa = PBXNativeTarget;
			buildConfigurationList = 1456B0621EEE99C500E4BFDF /* Build configuration list for PBXNativeTarget "TANCalendarTests" */;
			buildPhases = (
				1456B0471EEE99C500E4BFDF /* Sources */,
				1456B0481EEE99C500E4BFDF /* Frameworks */,
				1456B0491EEE99C500E4BFDF /* Resources */,
			);
			buildRules = (
			);
			dependencies = (
				1456B04D1EEE99C500E4BFDF /* PBXTargetDependency */,
			);
			name = TANCalendarTests;
			productName = TANCalendarTests;
			productReference = 1456B04B1EEE99C500E4BFDF /* TANCalendarTests.xctest */;
			productType = "com.apple.product-type.bundle.unit-test";
		};
		1456B0551EEE99C500E4BFDF /* TANCalendarUITests */ = {
			isa = PBXNativeTarget;
			buildConfigurationList = 1456B0651EEE99C500E4BFDF /* Build configuration list for PBXNativeTarget "TANCalendarUITests" */;
			buildPhases = (
				1456B0521EEE99C500E4BFDF /* Sources */,
				1456B0531EEE99C500E4BFDF /* Frameworks */,
				1456B0541EEE99C500E4BFDF /* Resources */,
			);
			buildRules = (
			);
			dependencies = (
				1456B0581EEE99C500E4BFDF /* PBXTargetDependency */,
			);
			name = TANCalendarUITests;
			productName = TANCalendarUITests;
			productReference = 1456B0561EEE99C500E4BFDF /* TANCalendarUITests.xctest */;
			productType = "com.apple.product-type.bundle.ui-testing";
		};
/* End PBXNativeTarget section */

/* Begin PBXProject section */
		1456B02A1EEE99C500E4BFDF /* Project object */ = {
			isa = PBXProject;
			attributes = {
				CLASSPREFIX = TAN;
				LastUpgradeCheck = 0830;
				ORGANIZATIONNAME = TAN;
				TargetAttributes = {
					141167E81F43041D00907E7E = {
						CreatedOnToolsVersion = 8.3.3;
						DevelopmentTeam = VKU2TSZ7H9;
						ProvisioningStyle = Automatic;
						SystemCapabilities = {
							com.apple.ApplicationGroups.iOS = {
								enabled = 1;
							};
						};
					};
					1456B0311EEE99C500E4BFDF = {
						CreatedOnToolsVersion = 8.3;
						DevelopmentTeam = VKU2TSZ7H9;
						ProvisioningStyle = Automatic;
						SystemCapabilities = {
							com.apple.ApplicationGroups.iOS = {
								enabled = 1;
							};
							com.apple.BackgroundModes = {
								enabled = 1;
							};
							com.apple.Maps.iOS = {
								enabled = 0;
							};
						};
					};
					1456B04A1EEE99C500E4BFDF = {
						CreatedOnToolsVersion = 8.3;
						DevelopmentTeam = VKU2TSZ7H9;
						ProvisioningStyle = Automatic;
						TestTargetID = 1456B0311EEE99C500E4BFDF;
					};
					1456B0551EEE99C500E4BFDF = {
						CreatedOnToolsVersion = 8.3;
						DevelopmentTeam = VKU2TSZ7H9;
						ProvisioningStyle = Automatic;
						TestTargetID = 1456B0311EEE99C500E4BFDF;
					};
				};
			};
			buildConfigurationList = 1456B02D1EEE99C500E4BFDF /* Build configuration list for PBXProject "TANCalendar" */;
			compatibilityVersion = "Xcode 3.2";
			developmentRegion = English;
			hasScannedForEncodings = 0;
			knownRegions = (
				en,
				Base,
			);
			mainGroup = 1456B0291EEE99C500E4BFDF;
			productRefGroup = 1456B0331EEE99C500E4BFDF /* Products */;
			projectDirPath = "";
			projectRoot = "";
			targets = (
				1456B0311EEE99C500E4BFDF /* TANCalendar */,
				141167E81F43041D00907E7E /* TANCalendarToday */,
				1456B04A1EEE99C500E4BFDF /* TANCalendarTests */,
				1456B0551EEE99C500E4BFDF /* TANCalendarUITests */,
			);
		};
/* End PBXProject section */

/* Begin PBXResourcesBuildPhase section */
		141167E71F43041D00907E7E /* Resources */ = {
			isa = PBXResourcesBuildPhase;
			buildActionMask = 2147483647;
			files = (
				141167F21F43041D00907E7E /* MainInterface.storyboard in Resources */,
			);
			runOnlyForDeploymentPostprocessing = 0;
		};
		1456B0301EEE99C500E4BFDF /* Resources */ = {
			isa = PBXResourcesBuildPhase;
			buildActionMask = 2147483647;
			files = (
				1425CFB21F46E5AA00B1ABDE /* example.html in Resources */,
				1456B09A1EEE99F300E4BFDF /* Info.plist in Resources */,
				1456B0451EEE99C500E4BFDF /* LaunchScreen.storyboard in Resources */,
				1456B0421EEE99C500E4BFDF /* Assets.xcassets in Resources */,
				1456B0401EEE99C500E4BFDF /* Main.storyboard in Resources */,
			);
			runOnlyForDeploymentPostprocessing = 0;
		};
		1456B0491EEE99C500E4BFDF /* Resources */ = {
			isa = PBXResourcesBuildPhase;
			buildActionMask = 2147483647;
			files = (
			);
			runOnlyForDeploymentPostprocessing = 0;
		};
		1456B0541EEE99C500E4BFDF /* Resources */ = {
			isa = PBXResourcesBuildPhase;
			buildActionMask = 2147483647;
			files = (
			);
			runOnlyForDeploymentPostprocessing = 0;
		};
/* End PBXResourcesBuildPhase section */

/* Begin PBXSourcesBuildPhase section */
		141167E51F43041D00907E7E /* Sources */ = {
			isa = PBXSourcesBuildPhase;
			buildActionMask = 2147483647;
			files = (
				1478A0631F430E5500BBFD31 /* TANDataManager.m in Sources */,
				141167EF1F43041D00907E7E /* TodayViewController.m in Sources */,
			);
			runOnlyForDeploymentPostprocessing = 0;
		};
		1456B02E1EEE99C500E4BFDF /* Sources */ = {
			isa = PBXSourcesBuildPhase;
			buildActionMask = 2147483647;
			files = (
				1425CFAE1F46D76900B1ABDE /* NJKWebViewProgress.m in Sources */,
				14933C871F457F24002B56D1 /* TANBelleTeacher+Category.m in Sources */,
				14C278661F43E5AC00D64952 /* BCTableView.m in Sources */,
				1478A0641F430EDE00BBFD31 /* TANBaseViewController.m in Sources */,
				1478A0621F430E5500BBFD31 /* TANDataManager.m in Sources */,
				14933C801F457B75002B56D1 /* TANBelleTeacher.m in Sources */,
				141167DE1F42E6F600907E7E /* TANMainViewController.m in Sources */,
				1456B08C1EEE99F300E4BFDF /* FSCalendarAppearance.m in Sources */,
				1456B0951EEE99F300E4BFDF /* FSCalendarHeaderView.m in Sources */,
				1456B09D1EEE9BCA00E4BFDF /* TANCalendarViewController.m in Sources */,
				141167E41F42F41700907E7E /* TANSystemShareViewController.m in Sources */,
				1456B08A1EEE99F300E4BFDF /* FSCalendar+Deprecated.m in Sources */,
				14C2787F1F442F0400D64952 /* TANChallengeDetailViewController.m in Sources */,
				1456B0981EEE99F300E4BFDF /* FSCalendarTransitionCoordinator.m in Sources */,
				141167E11F42ED0300907E7E /* TANSpeechViewController.m in Sources */,
				1425CFAF1F46D76900B1ABDE /* NJKWebViewProgressView.m in Sources */,
				1456B0911EEE99F300E4BFDF /* FSCalendarConstants.m in Sources */,
				14C278691F43EF8F00D64952 /* TANScrollContentViewController.m in Sources */,
				1456B03A1EEE99C500E4BFDF /* AppDelegate.m in Sources */,
				1456B08F1EEE99F300E4BFDF /* FSCalendarCollectionView.m in Sources */,
				14C278821F44353D00D64952 /* TANChallengeRankListViewController.m in Sources */,
				1456B0971EEE99F300E4BFDF /* FSCalendarStickyHeader.m in Sources */,
				141168031F430A8600907E7E /* TANWidgetEditViewController.m in Sources */,
				14C278621F43E12500D64952 /* TANTableNestViewController.m in Sources */,
				1456B0371EEE99C500E4BFDF /* main.m in Sources */,
				1456B0991EEE99F300E4BFDF /* FSCalendarWeekdayView.m in Sources */,
				14933C7D1F4549DE002B56D1 /* TANHTMLWebViewController.m in Sources */,
				1456B0921EEE99F300E4BFDF /* FSCalendarDelegationFactory.m in Sources */,
				1456B0931EEE99F300E4BFDF /* FSCalendarDelegationProxy.m in Sources */,
				14C2787C1F43F5B300D64952 /* FSSegmentTitleView.m in Sources */,
				1456B08B1EEE99F300E4BFDF /* FSCalendar.m in Sources */,
				1456B0961EEE99F300E4BFDF /* FSCalendarScopeHandle.m in Sources */,
				1456B0A31EEEA54000E4BFDF /* UIImage+TANImage.m in Sources */,
				14C2786C1F43EFC000D64952 /* TANScrollContentCell.m in Sources */,
				14C2787B1F43F5B300D64952 /* FSPageContentView.m in Sources */,
				1456B0941EEE99F300E4BFDF /* FSCalendarExtensions.m in Sources */,
				1456B08E1EEE99F300E4BFDF /* FSCalendarCell.m in Sources */,
				1456B0901EEE99F300E4BFDF /* FSCalendarCollectionViewLayout.m in Sources */,
				14933C831F457C61002B56D1 /* TANRuntimeViewController.m in Sources */,
				1456B08D1EEE99F300E4BFDF /* FSCalendarCalculator.m in Sources */,
				141287FB1F17846400826DEC /* TANLabelViewController.m in Sources */,
			);
			runOnlyForDeploymentPostprocessing = 0;
		};
		1456B0471EEE99C500E4BFDF /* Sources */ = {
			isa = PBXSourcesBuildPhase;
			buildActionMask = 2147483647;
			files = (
				1456B0501EEE99C500E4BFDF /* TANCalendarTests.m in Sources */,
			);
			runOnlyForDeploymentPostprocessing = 0;
		};
		1456B0521EEE99C500E4BFDF /* Sources */ = {
			isa = PBXSourcesBuildPhase;
			buildActionMask = 2147483647;
			files = (
				1456B05B1EEE99C500E4BFDF /* TANCalendarUITests.m in Sources */,
			);
			runOnlyForDeploymentPostprocessing = 0;
		};
/* End PBXSourcesBuildPhase section */

/* Begin PBXTargetDependency section */
		141167F51F43041D00907E7E /* PBXTargetDependency */ = {
			isa = PBXTargetDependency;
			target = 141167E81F43041D00907E7E /* TANCalendarToday */;
			targetProxy = 141167F41F43041D00907E7E /* PBXContainerItemProxy */;
		};
		1456B04D1EEE99C500E4BFDF /* PBXTargetDependency */ = {
			isa = PBXTargetDependency;
			target = 1456B0311EEE99C500E4BFDF /* TANCalendar */;
			targetProxy = 1456B04C1EEE99C500E4BFDF /* PBXContainerItemProxy */;
		};
		1456B0581EEE99C500E4BFDF /* PBXTargetDependency */ = {
			isa = PBXTargetDependency;
			target = 1456B0311EEE99C500E4BFDF /* TANCalendar */;
			targetProxy = 1456B0571EEE99C500E4BFDF /* PBXContainerItemProxy */;
		};
/* End PBXTargetDependency section */

/* Begin PBXVariantGroup section */
		141167F01F43041D00907E7E /* MainInterface.storyboard */ = {
			isa = PBXVariantGroup;
			children = (
				141167F11F43041D00907E7E /* Base */,
			);
			name = MainInterface.storyboard;
			sourceTree = "<group>";
		};
		1456B03E1EEE99C500E4BFDF /* Main.storyboard */ = {
			isa = PBXVariantGroup;
			children = (
				1456B03F1EEE99C500E4BFDF /* Base */,
			);
			name = Main.storyboard;
			sourceTree = "<group>";
		};
		1456B0431EEE99C500E4BFDF /* LaunchScreen.storyboard */ = {
			isa = PBXVariantGroup;
			children = (
				1456B0441EEE99C500E4BFDF /* Base */,
			);
			name = LaunchScreen.storyboard;
			sourceTree = "<group>";
		};
/* End PBXVariantGroup section */

/* Begin XCBuildConfiguration section */
		141167F71F43041D00907E7E /* Debug */ = {
			isa = XCBuildConfiguration;
			buildSettings = {
				CODE_SIGN_ENTITLEMENTS = TANCalendarToday/TANCalendarToday.entitlements;
				DEVELOPMENT_TEAM = VKU2TSZ7H9;
				INFOPLIST_FILE = TANCalendarToday/Info.plist;
				IPHONEOS_DEPLOYMENT_TARGET = 8.0;
				LD_RUNPATH_SEARCH_PATHS = "$(inherited) @executable_path/Frameworks @executable_path/../../Frameworks";
				PRODUCT_BUNDLE_IDENTIFIER = com.qibaibike.TANCalendar.TANCalendarToday;
				PRODUCT_NAME = "$(TARGET_NAME)";
				SKIP_INSTALL = YES;
				TARGETED_DEVICE_FAMILY = 1;
			};
			name = Debug;
		};
		141167F81F43041D00907E7E /* Release */ = {
			isa = XCBuildConfiguration;
			buildSettings = {
				CODE_SIGN_ENTITLEMENTS = TANCalendarToday/TANCalendarToday.entitlements;
				DEVELOPMENT_TEAM = VKU2TSZ7H9;
				INFOPLIST_FILE = TANCalendarToday/Info.plist;
				IPHONEOS_DEPLOYMENT_TARGET = 8.0;
				LD_RUNPATH_SEARCH_PATHS = "$(inherited) @executable_path/Frameworks @executable_path/../../Frameworks";
				PRODUCT_BUNDLE_IDENTIFIER = com.qibaibike.TANCalendar.TANCalendarToday;
				PRODUCT_NAME = "$(TARGET_NAME)";
				SKIP_INSTALL = YES;
				TARGETED_DEVICE_FAMILY = 1;
			};
			name = Release;
		};
		1456B05D1EEE99C500E4BFDF /* Debug */ = {
			isa = XCBuildConfiguration;
			buildSettings = {
				ALWAYS_SEARCH_USER_PATHS = NO;
				CLANG_ANALYZER_NONNULL = YES;
				CLANG_ANALYZER_NUMBER_OBJECT_CONVERSION = YES_AGGRESSIVE;
				CLANG_CXX_LANGUAGE_STANDARD = "gnu++0x";
				CLANG_CXX_LIBRARY = "libc++";
				CLANG_ENABLE_MODULES = YES;
				CLANG_ENABLE_OBJC_ARC = YES;
				CLANG_WARN_BOOL_CONVERSION = YES;
				CLANG_WARN_CONSTANT_CONVERSION = YES;
				CLANG_WARN_DIRECT_OBJC_ISA_USAGE = YES_ERROR;
				CLANG_WARN_DOCUMENTATION_COMMENTS = YES;
				CLANG_WARN_EMPTY_BODY = YES;
				CLANG_WARN_ENUM_CONVERSION = YES;
				CLANG_WARN_INFINITE_RECURSION = YES;
				CLANG_WARN_INT_CONVERSION = YES;
				CLANG_WARN_OBJC_ROOT_CLASS = YES_ERROR;
				CLANG_WARN_SUSPICIOUS_MOVE = YES;
				CLANG_WARN_UNREACHABLE_CODE = YES;
				CLANG_WARN__DUPLICATE_METHOD_MATCH = YES;
				"CODE_SIGN_IDENTITY[sdk=iphoneos*]" = "iPhone Developer";
				COPY_PHASE_STRIP = NO;
				DEBUG_INFORMATION_FORMAT = dwarf;
				ENABLE_STRICT_OBJC_MSGSEND = YES;
				ENABLE_TESTABILITY = YES;
				GCC_C_LANGUAGE_STANDARD = gnu99;
				GCC_DYNAMIC_NO_PIC = NO;
				GCC_NO_COMMON_BLOCKS = YES;
				GCC_OPTIMIZATION_LEVEL = 0;
				GCC_PREPROCESSOR_DEFINITIONS = (
					"DEBUG=1",
					"$(inherited)",
				);
				GCC_WARN_64_TO_32_BIT_CONVERSION = YES;
				GCC_WARN_ABOUT_RETURN_TYPE = YES_ERROR;
				GCC_WARN_UNDECLARED_SELECTOR = YES;
				GCC_WARN_UNINITIALIZED_AUTOS = YES_AGGRESSIVE;
				GCC_WARN_UNUSED_FUNCTION = YES;
				GCC_WARN_UNUSED_VARIABLE = YES;
				IPHONEOS_DEPLOYMENT_TARGET = 10.3;
				MTL_ENABLE_DEBUG_INFO = YES;
				ONLY_ACTIVE_ARCH = YES;
				SDKROOT = iphoneos;
				TARGETED_DEVICE_FAMILY = "1,2";
			};
			name = Debug;
		};
		1456B05E1EEE99C500E4BFDF /* Release */ = {
			isa = XCBuildConfiguration;
			buildSettings = {
				ALWAYS_SEARCH_USER_PATHS = NO;
				CLANG_ANALYZER_NONNULL = YES;
				CLANG_ANALYZER_NUMBER_OBJECT_CONVERSION = YES_AGGRESSIVE;
				CLANG_CXX_LANGUAGE_STANDARD = "gnu++0x";
				CLANG_CXX_LIBRARY = "libc++";
				CLANG_ENABLE_MODULES = YES;
				CLANG_ENABLE_OBJC_ARC = YES;
				CLANG_WARN_BOOL_CONVERSION = YES;
				CLANG_WARN_CONSTANT_CONVERSION = YES;
				CLANG_WARN_DIRECT_OBJC_ISA_USAGE = YES_ERROR;
				CLANG_WARN_DOCUMENTATION_COMMENTS = YES;
				CLANG_WARN_EMPTY_BODY = YES;
				CLANG_WARN_ENUM_CONVERSION = YES;
				CLANG_WARN_INFINITE_RECURSION = YES;
				CLANG_WARN_INT_CONVERSION = YES;
				CLANG_WARN_OBJC_ROOT_CLASS = YES_ERROR;
				CLANG_WARN_SUSPICIOUS_MOVE = YES;
				CLANG_WARN_UNREACHABLE_CODE = YES;
				CLANG_WARN__DUPLICATE_METHOD_MATCH = YES;
				"CODE_SIGN_IDENTITY[sdk=iphoneos*]" = "iPhone Developer";
				COPY_PHASE_STRIP = NO;
				DEBUG_INFORMATION_FORMAT = "dwarf-with-dsym";
				ENABLE_NS_ASSERTIONS = NO;
				ENABLE_STRICT_OBJC_MSGSEND = YES;
				GCC_C_LANGUAGE_STANDARD = gnu99;
				GCC_NO_COMMON_BLOCKS = YES;
				GCC_WARN_64_TO_32_BIT_CONVERSION = YES;
				GCC_WARN_ABOUT_RETURN_TYPE = YES_ERROR;
				GCC_WARN_UNDECLARED_SELECTOR = YES;
				GCC_WARN_UNINITIALIZED_AUTOS = YES_AGGRESSIVE;
				GCC_WARN_UNUSED_FUNCTION = YES;
				GCC_WARN_UNUSED_VARIABLE = YES;
				IPHONEOS_DEPLOYMENT_TARGET = 10.3;
				MTL_ENABLE_DEBUG_INFO = NO;
				SDKROOT = iphoneos;
				TARGETED_DEVICE_FAMILY = "1,2";
				VALIDATE_PRODUCT = YES;
			};
			name = Release;
		};
		1456B0601EEE99C500E4BFDF /* Debug */ = {
			isa = XCBuildConfiguration;
			buildSettings = {
				ASSETCATALOG_COMPILER_APPICON_NAME = AppIcon;
				CODE_SIGN_ENTITLEMENTS = TANCalendar/TANCalendar.entitlements;
				DEVELOPMENT_TEAM = VKU2TSZ7H9;
				INFOPLIST_FILE = TANCalendar/Info.plist;
				IPHONEOS_DEPLOYMENT_TARGET = 9.0;
				LD_RUNPATH_SEARCH_PATHS = "$(inherited) @executable_path/Frameworks";
				PRODUCT_BUNDLE_IDENTIFIER = com.qibaibike.TANCalendar;
				PRODUCT_NAME = "$(TARGET_NAME)";
				TARGETED_DEVICE_FAMILY = 1;
			};
			name = Debug;
		};
		1456B0611EEE99C500E4BFDF /* Release */ = {
			isa = XCBuildConfiguration;
			buildSettings = {
				ASSETCATALOG_COMPILER_APPICON_NAME = AppIcon;
				CODE_SIGN_ENTITLEMENTS = TANCalendar/TANCalendar.entitlements;
				DEVELOPMENT_TEAM = VKU2TSZ7H9;
				INFOPLIST_FILE = TANCalendar/Info.plist;
				IPHONEOS_DEPLOYMENT_TARGET = 9.0;
				LD_RUNPATH_SEARCH_PATHS = "$(inherited) @executable_path/Frameworks";
				PRODUCT_BUNDLE_IDENTIFIER = com.qibaibike.TANCalendar;
				PRODUCT_NAME = "$(TARGET_NAME)";
				TARGETED_DEVICE_FAMILY = 1;
			};
			name = Release;
		};
		1456B0631EEE99C500E4BFDF /* Debug */ = {
			isa = XCBuildConfiguration;
			buildSettings = {
				BUNDLE_LOADER = "$(TEST_HOST)";
				DEVELOPMENT_TEAM = VKU2TSZ7H9;
				INFOPLIST_FILE = TANCalendarTests/Info.plist;
				LD_RUNPATH_SEARCH_PATHS = "$(inherited) @executable_path/Frameworks @loader_path/Frameworks";
				PRODUCT_BUNDLE_IDENTIFIER = com.qibaibike.TANCalendarTests;
				PRODUCT_NAME = "$(TARGET_NAME)";
				TEST_HOST = "$(BUILT_PRODUCTS_DIR)/TANCalendar.app/TANCalendar";
			};
			name = Debug;
		};
		1456B0641EEE99C500E4BFDF /* Release */ = {
			isa = XCBuildConfiguration;
			buildSettings = {
				BUNDLE_LOADER = "$(TEST_HOST)";
				DEVELOPMENT_TEAM = VKU2TSZ7H9;
				INFOPLIST_FILE = TANCalendarTests/Info.plist;
				LD_RUNPATH_SEARCH_PATHS = "$(inherited) @executable_path/Frameworks @loader_path/Frameworks";
				PRODUCT_BUNDLE_IDENTIFIER = com.qibaibike.TANCalendarTests;
				PRODUCT_NAME = "$(TARGET_NAME)";
				TEST_HOST = "$(BUILT_PRODUCTS_DIR)/TANCalendar.app/TANCalendar";
			};
			name = Release;
		};
		1456B0661EEE99C500E4BFDF /* Debug */ = {
			isa = XCBuildConfiguration;
			buildSettings = {
				DEVELOPMENT_TEAM = VKU2TSZ7H9;
				INFOPLIST_FILE = TANCalendarUITests/Info.plist;
				LD_RUNPATH_SEARCH_PATHS = "$(inherited) @executable_path/Frameworks @loader_path/Frameworks";
				PRODUCT_BUNDLE_IDENTIFIER = com.qibaibike.TANCalendarUITests;
				PRODUCT_NAME = "$(TARGET_NAME)";
				TEST_TARGET_NAME = TANCalendar;
			};
			name = Debug;
		};
		1456B0671EEE99C500E4BFDF /* Release */ = {
			isa = XCBuildConfiguration;
			buildSettings = {
				DEVELOPMENT_TEAM = VKU2TSZ7H9;
				INFOPLIST_FILE = TANCalendarUITests/Info.plist;
				LD_RUNPATH_SEARCH_PATHS = "$(inherited) @executable_path/Frameworks @loader_path/Frameworks";
				PRODUCT_BUNDLE_IDENTIFIER = com.qibaibike.TANCalendarUITests;
				PRODUCT_NAME = "$(TARGET_NAME)";
				TEST_TARGET_NAME = TANCalendar;
			};
			name = Release;
		};
/* End XCBuildConfiguration section */

/* Begin XCConfigurationList section */
		141167F91F43041D00907E7E /* Build configuration list for PBXNativeTarget "TANCalendarToday" */ = {
			isa = XCConfigurationList;
			buildConfigurations = (
				141167F71F43041D00907E7E /* Debug */,
				141167F81F43041D00907E7E /* Release */,
			);
			defaultConfigurationIsVisible = 0;
			defaultConfigurationName = Release;
		};
		1456B02D1EEE99C500E4BFDF /* Build configuration list for PBXProject "TANCalendar" */ = {
			isa = XCConfigurationList;
			buildConfigurations = (
				1456B05D1EEE99C500E4BFDF /* Debug */,
				1456B05E1EEE99C500E4BFDF /* Release */,
			);
			defaultConfigurationIsVisible = 0;
			defaultConfigurationName = Release;
		};
		1456B05F1EEE99C500E4BFDF /* Build configuration list for PBXNativeTarget "TANCalendar" */ = {
			isa = XCConfigurationList;
			buildConfigurations = (
				1456B0601EEE99C500E4BFDF /* Debug */,
				1456B0611EEE99C500E4BFDF /* Release */,
			);
			defaultConfigurationIsVisible = 0;
			defaultConfigurationName = Release;
		};
		1456B0621EEE99C500E4BFDF /* Build configuration list for PBXNativeTarget "TANCalendarTests" */ = {
			isa = XCConfigurationList;
			buildConfigurations = (
				1456B0631EEE99C500E4BFDF /* Debug */,
				1456B0641EEE99C500E4BFDF /* Release */,
			);
			defaultConfigurationIsVisible = 0;
			defaultConfigurationName = Release;
		};
		1456B0651EEE99C500E4BFDF /* Build configuration list for PBXNativeTarget "TANCalendarUITests" */ = {
			isa = XCConfigurationList;
			buildConfigurations = (
				1456B0661EEE99C500E4BFDF /* Debug */,
				1456B0671EEE99C500E4BFDF /* Release */,
			);
			defaultConfigurationIsVisible = 0;
			defaultConfigurationName = Release;
		};
/* End XCConfigurationList section */
	};
	rootObject = 1456B02A1EEE99C500E4BFDF /* Project object */;
}
